
Microsoft Visual Studio Solution File, Format Version 12.00
# Visual Studio 14
VisualStudioVersion = 14.0.24720.0
MinimumVisualStudioVersion = 10.0.40219.1
Project("{FAE04EC0-301F-11D3-BF4B-00C04F79EFBC}") = "WebAppNeedU", "WebAppNeedU\WebAppNeedU.csproj", "{C7185442-6404-4103-B90C-67EA51E9FE6A}"
EndProject
Project("{FAE04EC0-301F-11D3-BF4B-00C04F79EFBC}") = "WebAppNeedU.Deal", "WebAppNeedU.Deal\WebAppNeedU.Deal.csproj", "{F7071B7E-8CC9-4AC9-8D34-D81CAE2D9789}"
EndProject
Project("{FAE04EC0-301F-11D3-BF4B-00C04F79EFBC}") = "WebAppNeedU.DealTests", "WebAppNeedU.DealTests\WebAppNeedU.DealTests.csproj", "{D8785659-52CC-416C-B93F-FF50F97F9E5D}"
EndProject
Global
	GlobalSection(SolutionConfigurationPlatforms) = preSolution
		Debug|Any CPU = Debug|Any CPU
		Release|Any CPU = Release|Any CPU
	EndGlobalSection
	GlobalSection(ProjectConfigurationPlatforms) = postSolution
		{C7185442-6404-4103-B90C-67EA51E9FE6A}.Debug|Any CPU.ActiveCfg = Debug|Any CPU
		{C7185442-6404-4103-B90C-67EA51E9FE6A}.Debug|Any CPU.Build.0 = Debug|Any CPU
		{C7185442-6404-4103-B90C-67EA51E9FE6A}.Release|Any CPU.ActiveCfg = Release|Any CPU
		{C7185442-6404-4103-B90C-67EA51E9FE6A}.Release|Any CPU.Build.0 = Release|Any CPU
		{F7071B7E-8CC9-4AC9-8D34-D81CAE2D9789}.Debug|Any CPU.ActiveCfg = Debug|Any CPU
		{F7071B7E-8CC9-4AC9-8D34-D81CAE2D9789}.Debug|Any CPU.Build.0 = Debug|Any CPU
		{F7071B7E-8CC9-4AC9-8D34-D81CAE2D9789}.Release|Any CPU.ActiveCfg = Release|Any CPU
		{F7071B7E-8CC9-4AC9-8D34-D81CAE2D9789}.Release|Any CPU.Build.0 = Release|Any CPU
		{D8785659-52CC-416C-B93F-FF50F97F9E5D}.Debug|Any CPU.ActiveCfg = Debug|Any CPU
		{D8785659-52CC-416C-B93F-FF50F97F9E5D}.Debug|Any CPU.Build.0 = Debug|Any CPU
		{D8785659-52CC-416C-B93F-FF50F97F9E5D}.Release|Any CPU.ActiveCfg = Release|Any CPU
		{D8785659-52CC-416C-B93F-FF50F97F9E5D}.Release|Any CPU.Build.0 = Release|Any CPU
	EndGlobalSection
	GlobalSection(SolutionProperties) = preSolution
		HideSolutionNode = FALSE
	EndGlobalSection
	GlobalSection(TeamFoundationVersionControl) = preSolution
		SccNumberOfProjects = 4
		SccEnterpriseProvider = {4CA58AB2-18FA-4F8D-95D4-32DDF27D184C}
		SccTeamFoundationServer = https://proyectoneedu.visualstudio.com/defaultcollection
		SccLocalPath0 = .
		SccProjectUniqueName1 = WebAppNeedU\\WebAppNeedU.csproj
		SccProjectName1 = WebAppNeedU
		SccLocalPath1 = WebAppNeedU
		SccProjectUniqueName2 = WebAppNeedU.Deal\\WebAppNeedU.Deal.csproj
		SccProjectName2 = WebAppNeedU.Deal
		SccLocalPath2 = WebAppNeedU.Deal
		SccProjectUniqueName3 = WebAppNeedU.DealTests\\WebAppNeedU.DealTests.csproj
		SccProjectName3 = WebAppNeedU.DealTests
		SccLocalPath3 = WebAppNeedU.DealTests
	EndGlobalSection
EndGlobal
