
Microsoft Visual Studio Solution File, Format Version 12.00
# Visual Studio 14
VisualStudioVersion = 14.0.23107.0
MinimumVisualStudioVersion = 10.0.40219.1
Project("{FAE04EC0-301F-11D3-BF4B-00C04F79EFBC}") = "Need_U.Droid", "Need-U\Need_U.Droid\Need_U.Droid.csproj", "{5F40401A-93CE-4F19-903A-FBA2A49565AD}"
EndProject
Project("{FAE04EC0-301F-11D3-BF4B-00C04F79EFBC}") = "Need_U.iOS", "Need-U\Need_U.iOS\Need_U.iOS.csproj", "{CF921775-6DA5-4DB5-96C4-A23ECF784894}"
EndProject
Project("{FAE04EC0-301F-11D3-BF4B-00C04F79EFBC}") = "Need_U.WinPhone", "Need-U\Need_U.WinPhone\Need_U.WinPhone.csproj", "{EC281EAB-06BD-44E1-AFFD-2C68B25D031F}"
EndProject
Project("{FAE04EC0-301F-11D3-BF4B-00C04F79EFBC}") = "Need_U.UWP", "Need-U\Need_U.UWP\Need_U.UWP.csproj", "{EC41A73A-095E-4BED-B895-5BDE7122CE35}"
EndProject
Project("{FAE04EC0-301F-11D3-BF4B-00C04F79EFBC}") = "Need_U.Windows", "Need-U\Need_U.Windows\Need_U.Windows.csproj", "{09B2CC2A-483E-48DE-A4CC-83752A613A7B}"
EndProject
Project("{FAE04EC0-301F-11D3-BF4B-00C04F79EFBC}") = "Need_U", "Need-U\Need_U\Need_U.csproj", "{ED9755DE-977C-4C40-B4B3-607B4BFD4136}"
EndProject
Project("{2150E333-8FDC-42A3-9474-1A3956D46DE8}") = "References", "References", "{AF10946D-EDB9-4E8A-8359-A92A6A2BA745}"
	ProjectSection(SolutionItems) = preProject
		Need-U\References\Newtonsoft.Json.dll = Need-U\References\Newtonsoft.Json.dll
	EndProjectSection
EndProject
Global
	GlobalSection(SolutionConfigurationPlatforms) = preSolution
		Ad-Hoc|Any CPU = Ad-Hoc|Any CPU
		Ad-Hoc|ARM = Ad-Hoc|ARM
		Ad-Hoc|iPhone = Ad-Hoc|iPhone
		Ad-Hoc|iPhoneSimulator = Ad-Hoc|iPhoneSimulator
		Ad-Hoc|x64 = Ad-Hoc|x64
		Ad-Hoc|x86 = Ad-Hoc|x86
		AppStore|Any CPU = AppStore|Any CPU
		AppStore|ARM = AppStore|ARM
		AppStore|iPhone = AppStore|iPhone
		AppStore|iPhoneSimulator = AppStore|iPhoneSimulator
		AppStore|x64 = AppStore|x64
		AppStore|x86 = AppStore|x86
		Debug|Any CPU = Debug|Any CPU
		Debug|ARM = Debug|ARM
		Debug|iPhone = Debug|iPhone
		Debug|iPhoneSimulator = Debug|iPhoneSimulator
		Debug|x64 = Debug|x64
		Debug|x86 = Debug|x86
		Release|Any CPU = Release|Any CPU
		Release|ARM = Release|ARM
		Release|iPhone = Release|iPhone
		Release|iPhoneSimulator = Release|iPhoneSimulator
		Release|x64 = Release|x64
		Release|x86 = Release|x86
	EndGlobalSection
	GlobalSection(ProjectConfigurationPlatforms) = postSolution
		{5F40401A-93CE-4F19-903A-FBA2A49565AD}.Ad-Hoc|Any CPU.ActiveCfg = Release|Any CPU
		{5F40401A-93CE-4F19-903A-FBA2A49565AD}.Ad-Hoc|Any CPU.Build.0 = Release|Any CPU
		{5F40401A-93CE-4F19-903A-FBA2A49565AD}.Ad-Hoc|Any CPU.Deploy.0 = Release|Any CPU
		{5F40401A-93CE-4F19-903A-FBA2A49565AD}.Ad-Hoc|ARM.ActiveCfg = Release|Any CPU
		{5F40401A-93CE-4F19-903A-FBA2A49565AD}.Ad-Hoc|ARM.Build.0 = Release|Any CPU
		{5F40401A-93CE-4F19-903A-FBA2A49565AD}.Ad-Hoc|ARM.Deploy.0 = Release|Any CPU
		{5F40401A-93CE-4F19-903A-FBA2A49565AD}.Ad-Hoc|iPhone.ActiveCfg = Release|Any CPU
		{5F40401A-93CE-4F19-903A-FBA2A49565AD}.Ad-Hoc|iPhone.Build.0 = Release|Any CPU
		{5F40401A-93CE-4F19-903A-FBA2A49565AD}.Ad-Hoc|iPhone.Deploy.0 = Release|Any CPU
		{5F40401A-93CE-4F19-903A-FBA2A49565AD}.Ad-Hoc|iPhoneSimulator.ActiveCfg = Release|Any CPU
		{5F40401A-93CE-4F19-903A-FBA2A49565AD}.Ad-Hoc|iPhoneSimulator.Build.0 = Release|Any CPU
		{5F40401A-93CE-4F19-903A-FBA2A49565AD}.Ad-Hoc|iPhoneSimulator.Deploy.0 = Release|Any CPU
		{5F40401A-93CE-4F19-903A-FBA2A49565AD}.Ad-Hoc|x64.ActiveCfg = Release|Any CPU
		{5F40401A-93CE-4F19-903A-FBA2A49565AD}.Ad-Hoc|x64.Build.0 = Release|Any CPU
		{5F40401A-93CE-4F19-903A-FBA2A49565AD}.Ad-Hoc|x64.Deploy.0 = Release|Any CPU
		{5F40401A-93CE-4F19-903A-FBA2A49565AD}.Ad-Hoc|x86.ActiveCfg = Release|Any CPU
		{5F40401A-93CE-4F19-903A-FBA2A49565AD}.Ad-Hoc|x86.Build.0 = Release|Any CPU
		{5F40401A-93CE-4F19-903A-FBA2A49565AD}.Ad-Hoc|x86.Deploy.0 = Release|Any CPU
		{5F40401A-93CE-4F19-903A-FBA2A49565AD}.AppStore|Any CPU.ActiveCfg = Release|Any CPU
		{5F40401A-93CE-4F19-903A-FBA2A49565AD}.AppStore|Any CPU.Build.0 = Release|Any CPU
		{5F40401A-93CE-4F19-903A-FBA2A49565AD}.AppStore|Any CPU.Deploy.0 = Release|Any CPU
		{5F40401A-93CE-4F19-903A-FBA2A49565AD}.AppStore|ARM.ActiveCfg = Release|Any CPU
		{5F40401A-93CE-4F19-903A-FBA2A49565AD}.AppStore|ARM.Build.0 = Release|Any CPU
		{5F40401A-93CE-4F19-903A-FBA2A49565AD}.AppStore|ARM.Deploy.0 = Release|Any CPU
		{5F40401A-93CE-4F19-903A-FBA2A49565AD}.AppStore|iPhone.ActiveCfg = Release|Any CPU
		{5F40401A-93CE-4F19-903A-FBA2A49565AD}.AppStore|iPhone.Build.0 = Release|Any CPU
		{5F40401A-93CE-4F19-903A-FBA2A49565AD}.AppStore|iPhone.Deploy.0 = Release|Any CPU
		{5F40401A-93CE-4F19-903A-FBA2A49565AD}.AppStore|iPhoneSimulator.ActiveCfg = Release|Any CPU
		{5F40401A-93CE-4F19-903A-FBA2A49565AD}.AppStore|iPhoneSimulator.Build.0 = Release|Any CPU
		{5F40401A-93CE-4F19-903A-FBA2A49565AD}.AppStore|iPhoneSimulator.Deploy.0 = Release|Any CPU
		{5F40401A-93CE-4F19-903A-FBA2A49565AD}.AppStore|x64.ActiveCfg = Release|Any CPU
		{5F40401A-93CE-4F19-903A-FBA2A49565AD}.AppStore|x64.Build.0 = Release|Any CPU
		{5F40401A-93CE-4F19-903A-FBA2A49565AD}.AppStore|x64.Deploy.0 = Release|Any CPU
		{5F40401A-93CE-4F19-903A-FBA2A49565AD}.AppStore|x86.ActiveCfg = Release|Any CPU
		{5F40401A-93CE-4F19-903A-FBA2A49565AD}.AppStore|x86.Build.0 = Release|Any CPU
		{5F40401A-93CE-4F19-903A-FBA2A49565AD}.AppStore|x86.Deploy.0 = Release|Any CPU
		{5F40401A-93CE-4F19-903A-FBA2A49565AD}.Debug|Any CPU.ActiveCfg = Debug|Any CPU
		{5F40401A-93CE-4F19-903A-FBA2A49565AD}.Debug|Any CPU.Build.0 = Debug|Any CPU
		{5F40401A-93CE-4F19-903A-FBA2A49565AD}.Debug|Any CPU.Deploy.0 = Debug|Any CPU
		{5F40401A-93CE-4F19-903A-FBA2A49565AD}.Debug|ARM.ActiveCfg = Debug|Any CPU
		{5F40401A-93CE-4F19-903A-FBA2A49565AD}.Debug|ARM.Build.0 = Debug|Any CPU
		{5F40401A-93CE-4F19-903A-FBA2A49565AD}.Debug|ARM.Deploy.0 = Debug|Any CPU
		{5F40401A-93CE-4F19-903A-FBA2A49565AD}.Debug|iPhone.ActiveCfg = Debug|Any CPU
		{5F40401A-93CE-4F19-903A-FBA2A49565AD}.Debug|iPhone.Build.0 = Debug|Any CPU
		{5F40401A-93CE-4F19-903A-FBA2A49565AD}.Debug|iPhone.Deploy.0 = Debug|Any CPU
		{5F40401A-93CE-4F19-903A-FBA2A49565AD}.Debug|iPhoneSimulator.ActiveCfg = Debug|Any CPU
		{5F40401A-93CE-4F19-903A-FBA2A49565AD}.Debug|iPhoneSimulator.Build.0 = Debug|Any CPU
		{5F40401A-93CE-4F19-903A-FBA2A49565AD}.Debug|iPhoneSimulator.Deploy.0 = Debug|Any CPU
		{5F40401A-93CE-4F19-903A-FBA2A49565AD}.Debug|x64.ActiveCfg = Debug|Any CPU
		{5F40401A-93CE-4F19-903A-FBA2A49565AD}.Debug|x64.Build.0 = Debug|Any CPU
		{5F40401A-93CE-4F19-903A-FBA2A49565AD}.Debug|x64.Deploy.0 = Debug|Any CPU
		{5F40401A-93CE-4F19-903A-FBA2A49565AD}.Debug|x86.ActiveCfg = Debug|Any CPU
		{5F40401A-93CE-4F19-903A-FBA2A49565AD}.Debug|x86.Build.0 = Debug|Any CPU
		{5F40401A-93CE-4F19-903A-FBA2A49565AD}.Debug|x86.Deploy.0 = Debug|Any CPU
		{5F40401A-93CE-4F19-903A-FBA2A49565AD}.Release|Any CPU.ActiveCfg = Release|Any CPU
		{5F40401A-93CE-4F19-903A-FBA2A49565AD}.Release|Any CPU.Build.0 = Release|Any CPU
		{5F40401A-93CE-4F19-903A-FBA2A49565AD}.Release|Any CPU.Deploy.0 = Release|Any CPU
		{5F40401A-93CE-4F19-903A-FBA2A49565AD}.Release|ARM.ActiveCfg = Release|Any CPU
		{5F40401A-93CE-4F19-903A-FBA2A49565AD}.Release|ARM.Build.0 = Release|Any CPU
		{5F40401A-93CE-4F19-903A-FBA2A49565AD}.Release|ARM.Deploy.0 = Release|Any CPU
		{5F40401A-93CE-4F19-903A-FBA2A49565AD}.Release|iPhone.ActiveCfg = Release|Any CPU
		{5F40401A-93CE-4F19-903A-FBA2A49565AD}.Release|iPhone.Build.0 = Release|Any CPU
		{5F40401A-93CE-4F19-903A-FBA2A49565AD}.Release|iPhone.Deploy.0 = Release|Any CPU
		{5F40401A-93CE-4F19-903A-FBA2A49565AD}.Release|iPhoneSimulator.ActiveCfg = Release|Any CPU
		{5F40401A-93CE-4F19-903A-FBA2A49565AD}.Release|iPhoneSimulator.Build.0 = Release|Any CPU
		{5F40401A-93CE-4F19-903A-FBA2A49565AD}.Release|iPhoneSimulator.Deploy.0 = Release|Any CPU
		{5F40401A-93CE-4F19-903A-FBA2A49565AD}.Release|x64.ActiveCfg = Release|Any CPU
		{5F40401A-93CE-4F19-903A-FBA2A49565AD}.Release|x64.Build.0 = Release|Any CPU
		{5F40401A-93CE-4F19-903A-FBA2A49565AD}.Release|x64.Deploy.0 = Release|Any CPU
		{5F40401A-93CE-4F19-903A-FBA2A49565AD}.Release|x86.ActiveCfg = Release|Any CPU
		{5F40401A-93CE-4F19-903A-FBA2A49565AD}.Release|x86.Build.0 = Release|Any CPU
		{5F40401A-93CE-4F19-903A-FBA2A49565AD}.Release|x86.Deploy.0 = Release|Any CPU
		{CF921775-6DA5-4DB5-96C4-A23ECF784894}.Ad-Hoc|Any CPU.ActiveCfg = Ad-Hoc|iPhone
		{CF921775-6DA5-4DB5-96C4-A23ECF784894}.Ad-Hoc|ARM.ActiveCfg = Ad-Hoc|iPhone
		{CF921775-6DA5-4DB5-96C4-A23ECF784894}.Ad-Hoc|iPhone.ActiveCfg = Ad-Hoc|iPhone
		{CF921775-6DA5-4DB5-96C4-A23ECF784894}.Ad-Hoc|iPhone.Build.0 = Ad-Hoc|iPhone
		{CF921775-6DA5-4DB5-96C4-A23ECF784894}.Ad-Hoc|iPhoneSimulator.ActiveCfg = Ad-Hoc|iPhoneSimulator
		{CF921775-6DA5-4DB5-96C4-A23ECF784894}.Ad-Hoc|iPhoneSimulator.Build.0 = Ad-Hoc|iPhoneSimulator
		{CF921775-6DA5-4DB5-96C4-A23ECF784894}.Ad-Hoc|x64.ActiveCfg = Ad-Hoc|iPhone
		{CF921775-6DA5-4DB5-96C4-A23ECF784894}.Ad-Hoc|x86.ActiveCfg = Ad-Hoc|iPhone
		{CF921775-6DA5-4DB5-96C4-A23ECF784894}.AppStore|Any CPU.ActiveCfg = AppStore|iPhone
		{CF921775-6DA5-4DB5-96C4-A23ECF784894}.AppStore|ARM.ActiveCfg = AppStore|iPhone
		{CF921775-6DA5-4DB5-96C4-A23ECF784894}.AppStore|iPhone.ActiveCfg = AppStore|iPhone
		{CF921775-6DA5-4DB5-96C4-A23ECF784894}.AppStore|iPhone.Build.0 = AppStore|iPhone
		{CF921775-6DA5-4DB5-96C4-A23ECF784894}.AppStore|iPhoneSimulator.ActiveCfg = AppStore|iPhoneSimulator
		{CF921775-6DA5-4DB5-96C4-A23ECF784894}.AppStore|iPhoneSimulator.Build.0 = AppStore|iPhoneSimulator
		{CF921775-6DA5-4DB5-96C4-A23ECF784894}.AppStore|x64.ActiveCfg = AppStore|iPhone
		{CF921775-6DA5-4DB5-96C4-A23ECF784894}.AppStore|x86.ActiveCfg = AppStore|iPhone
		{CF921775-6DA5-4DB5-96C4-A23ECF784894}.Debug|Any CPU.ActiveCfg = Debug|iPhone
		{CF921775-6DA5-4DB5-96C4-A23ECF784894}.Debug|ARM.ActiveCfg = Debug|iPhone
		{CF921775-6DA5-4DB5-96C4-A23ECF784894}.Debug|iPhone.ActiveCfg = Debug|iPhone
		{CF921775-6DA5-4DB5-96C4-A23ECF784894}.Debug|iPhone.Build.0 = Debug|iPhone
		{CF921775-6DA5-4DB5-96C4-A23ECF784894}.Debug|iPhoneSimulator.ActiveCfg = Debug|iPhoneSimulator
		{CF921775-6DA5-4DB5-96C4-A23ECF784894}.Debug|iPhoneSimulator.Build.0 = Debug|iPhoneSimulator
		{CF921775-6DA5-4DB5-96C4-A23ECF784894}.Debug|x64.ActiveCfg = Debug|iPhone
		{CF921775-6DA5-4DB5-96C4-A23ECF784894}.Debug|x86.ActiveCfg = Debug|iPhone
		{CF921775-6DA5-4DB5-96C4-A23ECF784894}.Release|Any CPU.ActiveCfg = Release|iPhone
		{CF921775-6DA5-4DB5-96C4-A23ECF784894}.Release|ARM.ActiveCfg = Release|iPhone
		{CF921775-6DA5-4DB5-96C4-A23ECF784894}.Release|iPhone.ActiveCfg = Release|iPhone
		{CF921775-6DA5-4DB5-96C4-A23ECF784894}.Release|iPhone.Build.0 = Release|iPhone
		{CF921775-6DA5-4DB5-96C4-A23ECF784894}.Release|iPhoneSimulator.ActiveCfg = Release|iPhoneSimulator
		{CF921775-6DA5-4DB5-96C4-A23ECF784894}.Release|iPhoneSimulator.Build.0 = Release|iPhoneSimulator
		{CF921775-6DA5-4DB5-96C4-A23ECF784894}.Release|x64.ActiveCfg = Release|iPhone
		{CF921775-6DA5-4DB5-96C4-A23ECF784894}.Release|x86.ActiveCfg = Release|iPhone
		{EC281EAB-06BD-44E1-AFFD-2C68B25D031F}.Ad-Hoc|Any CPU.ActiveCfg = Release|Any CPU
		{EC281EAB-06BD-44E1-AFFD-2C68B25D031F}.Ad-Hoc|Any CPU.Build.0 = Release|Any CPU
		{EC281EAB-06BD-44E1-AFFD-2C68B25D031F}.Ad-Hoc|Any CPU.Deploy.0 = Release|Any CPU
		{EC281EAB-06BD-44E1-AFFD-2C68B25D031F}.Ad-Hoc|ARM.ActiveCfg = Release|ARM
		{EC281EAB-06BD-44E1-AFFD-2C68B25D031F}.Ad-Hoc|ARM.Build.0 = Release|ARM
		{EC281EAB-06BD-44E1-AFFD-2C68B25D031F}.Ad-Hoc|ARM.Deploy.0 = Release|ARM
		{EC281EAB-06BD-44E1-AFFD-2C68B25D031F}.Ad-Hoc|iPhone.ActiveCfg = Release|Any CPU
		{EC281EAB-06BD-44E1-AFFD-2C68B25D031F}.Ad-Hoc|iPhone.Build.0 = Release|Any CPU
		{EC281EAB-06BD-44E1-AFFD-2C68B25D031F}.Ad-Hoc|iPhone.Deploy.0 = Release|Any CPU
		{EC281EAB-06BD-44E1-AFFD-2C68B25D031F}.Ad-Hoc|iPhoneSimulator.ActiveCfg = Release|Any CPU
		{EC281EAB-06BD-44E1-AFFD-2C68B25D031F}.Ad-Hoc|iPhoneSimulator.Build.0 = Release|Any CPU
		{EC281EAB-06BD-44E1-AFFD-2C68B25D031F}.Ad-Hoc|iPhoneSimulator.Deploy.0 = Release|Any CPU
		{EC281EAB-06BD-44E1-AFFD-2C68B25D031F}.Ad-Hoc|x64.ActiveCfg = Release|Any CPU
		{EC281EAB-06BD-44E1-AFFD-2C68B25D031F}.Ad-Hoc|x64.Build.0 = Release|Any CPU
		{EC281EAB-06BD-44E1-AFFD-2C68B25D031F}.Ad-Hoc|x64.Deploy.0 = Release|Any CPU
		{EC281EAB-06BD-44E1-AFFD-2C68B25D031F}.Ad-Hoc|x86.ActiveCfg = Release|x86
		{EC281EAB-06BD-44E1-AFFD-2C68B25D031F}.Ad-Hoc|x86.Build.0 = Release|x86
		{EC281EAB-06BD-44E1-AFFD-2C68B25D031F}.Ad-Hoc|x86.Deploy.0 = Release|x86
		{EC281EAB-06BD-44E1-AFFD-2C68B25D031F}.AppStore|Any CPU.ActiveCfg = Release|Any CPU
		{EC281EAB-06BD-44E1-AFFD-2C68B25D031F}.AppStore|Any CPU.Build.0 = Release|Any CPU
		{EC281EAB-06BD-44E1-AFFD-2C68B25D031F}.AppStore|Any CPU.Deploy.0 = Release|Any CPU
		{EC281EAB-06BD-44E1-AFFD-2C68B25D031F}.AppStore|ARM.ActiveCfg = Release|ARM
		{EC281EAB-06BD-44E1-AFFD-2C68B25D031F}.AppStore|ARM.Build.0 = Release|ARM
		{EC281EAB-06BD-44E1-AFFD-2C68B25D031F}.AppStore|ARM.Deploy.0 = Release|ARM
		{EC281EAB-06BD-44E1-AFFD-2C68B25D031F}.AppStore|iPhone.ActiveCfg = Release|Any CPU
		{EC281EAB-06BD-44E1-AFFD-2C68B25D031F}.AppStore|iPhone.Build.0 = Release|Any CPU
		{EC281EAB-06BD-44E1-AFFD-2C68B25D031F}.AppStore|iPhone.Deploy.0 = Release|Any CPU
		{EC281EAB-06BD-44E1-AFFD-2C68B25D031F}.AppStore|iPhoneSimulator.ActiveCfg = Release|Any CPU
		{EC281EAB-06BD-44E1-AFFD-2C68B25D031F}.AppStore|iPhoneSimulator.Build.0 = Release|Any CPU
		{EC281EAB-06BD-44E1-AFFD-2C68B25D031F}.AppStore|iPhoneSimulator.Deploy.0 = Release|Any CPU
		{EC281EAB-06BD-44E1-AFFD-2C68B25D031F}.AppStore|x64.ActiveCfg = Release|Any CPU
		{EC281EAB-06BD-44E1-AFFD-2C68B25D031F}.AppStore|x64.Build.0 = Release|Any CPU
		{EC281EAB-06BD-44E1-AFFD-2C68B25D031F}.AppStore|x64.Deploy.0 = Release|Any CPU
		{EC281EAB-06BD-44E1-AFFD-2C68B25D031F}.AppStore|x86.ActiveCfg = Release|x86
		{EC281EAB-06BD-44E1-AFFD-2C68B25D031F}.AppStore|x86.Build.0 = Release|x86
		{EC281EAB-06BD-44E1-AFFD-2C68B25D031F}.AppStore|x86.Deploy.0 = Release|x86
		{EC281EAB-06BD-44E1-AFFD-2C68B25D031F}.Debug|Any CPU.ActiveCfg = Debug|Any CPU
		{EC281EAB-06BD-44E1-AFFD-2C68B25D031F}.Debug|Any CPU.Build.0 = Debug|Any CPU
		{EC281EAB-06BD-44E1-AFFD-2C68B25D031F}.Debug|Any CPU.Deploy.0 = Debug|Any CPU
		{EC281EAB-06BD-44E1-AFFD-2C68B25D031F}.Debug|ARM.ActiveCfg = Debug|ARM
		{EC281EAB-06BD-44E1-AFFD-2C68B25D031F}.Debug|ARM.Build.0 = Debug|ARM
		{EC281EAB-06BD-44E1-AFFD-2C68B25D031F}.Debug|ARM.Deploy.0 = Debug|ARM
		{EC281EAB-06BD-44E1-AFFD-2C68B25D031F}.Debug|iPhone.ActiveCfg = Debug|Any CPU
		{EC281EAB-06BD-44E1-AFFD-2C68B25D031F}.Debug|iPhone.Build.0 = Debug|Any CPU
		{EC281EAB-06BD-44E1-AFFD-2C68B25D031F}.Debug|iPhone.Deploy.0 = Debug|Any CPU
		{EC281EAB-06BD-44E1-AFFD-2C68B25D031F}.Debug|iPhoneSimulator.ActiveCfg = Debug|Any CPU
		{EC281EAB-06BD-44E1-AFFD-2C68B25D031F}.Debug|iPhoneSimulator.Build.0 = Debug|Any CPU
		{EC281EAB-06BD-44E1-AFFD-2C68B25D031F}.Debug|iPhoneSimulator.Deploy.0 = Debug|Any CPU
		{EC281EAB-06BD-44E1-AFFD-2C68B25D031F}.Debug|x64.ActiveCfg = Debug|Any CPU
		{EC281EAB-06BD-44E1-AFFD-2C68B25D031F}.Debug|x64.Build.0 = Debug|Any CPU
		{EC281EAB-06BD-44E1-AFFD-2C68B25D031F}.Debug|x64.Deploy.0 = Debug|Any CPU
		{EC281EAB-06BD-44E1-AFFD-2C68B25D031F}.Debug|x86.ActiveCfg = Debug|x86
		{EC281EAB-06BD-44E1-AFFD-2C68B25D031F}.Debug|x86.Build.0 = Debug|x86
		{EC281EAB-06BD-44E1-AFFD-2C68B25D031F}.Debug|x86.Deploy.0 = Debug|x86
		{EC281EAB-06BD-44E1-AFFD-2C68B25D031F}.Release|Any CPU.ActiveCfg = Release|Any CPU
		{EC281EAB-06BD-44E1-AFFD-2C68B25D031F}.Release|Any CPU.Build.0 = Release|Any CPU
		{EC281EAB-06BD-44E1-AFFD-2C68B25D031F}.Release|Any CPU.Deploy.0 = Release|Any CPU
		{EC281EAB-06BD-44E1-AFFD-2C68B25D031F}.Release|ARM.ActiveCfg = Release|ARM
		{EC281EAB-06BD-44E1-AFFD-2C68B25D031F}.Release|ARM.Build.0 = Release|ARM
		{EC281EAB-06BD-44E1-AFFD-2C68B25D031F}.Release|ARM.Deploy.0 = Release|ARM
		{EC281EAB-06BD-44E1-AFFD-2C68B25D031F}.Release|iPhone.ActiveCfg = Release|Any CPU
		{EC281EAB-06BD-44E1-AFFD-2C68B25D031F}.Release|iPhone.Build.0 = Release|Any CPU
		{EC281EAB-06BD-44E1-AFFD-2C68B25D031F}.Release|iPhone.Deploy.0 = Release|Any CPU
		{EC281EAB-06BD-44E1-AFFD-2C68B25D031F}.Release|iPhoneSimulator.ActiveCfg = Release|Any CPU
		{EC281EAB-06BD-44E1-AFFD-2C68B25D031F}.Release|iPhoneSimulator.Build.0 = Release|Any CPU
		{EC281EAB-06BD-44E1-AFFD-2C68B25D031F}.Release|iPhoneSimulator.Deploy.0 = Release|Any CPU
		{EC281EAB-06BD-44E1-AFFD-2C68B25D031F}.Release|x64.ActiveCfg = Release|Any CPU
		{EC281EAB-06BD-44E1-AFFD-2C68B25D031F}.Release|x64.Build.0 = Release|Any CPU
		{EC281EAB-06BD-44E1-AFFD-2C68B25D031F}.Release|x64.Deploy.0 = Release|Any CPU
		{EC281EAB-06BD-44E1-AFFD-2C68B25D031F}.Release|x86.ActiveCfg = Release|x86
		{EC281EAB-06BD-44E1-AFFD-2C68B25D031F}.Release|x86.Build.0 = Release|x86
		{EC281EAB-06BD-44E1-AFFD-2C68B25D031F}.Release|x86.Deploy.0 = Release|x86
		{EC41A73A-095E-4BED-B895-5BDE7122CE35}.Ad-Hoc|Any CPU.ActiveCfg = Release|x86
		{EC41A73A-095E-4BED-B895-5BDE7122CE35}.Ad-Hoc|Any CPU.Build.0 = Release|x86
		{EC41A73A-095E-4BED-B895-5BDE7122CE35}.Ad-Hoc|Any CPU.Deploy.0 = Release|x86
		{EC41A73A-095E-4BED-B895-5BDE7122CE35}.Ad-Hoc|ARM.ActiveCfg = Release|ARM
		{EC41A73A-095E-4BED-B895-5BDE7122CE35}.Ad-Hoc|ARM.Build.0 = Release|ARM
		{EC41A73A-095E-4BED-B895-5BDE7122CE35}.Ad-Hoc|ARM.Deploy.0 = Release|ARM
		{EC41A73A-095E-4BED-B895-5BDE7122CE35}.Ad-Hoc|iPhone.ActiveCfg = Release|x86
		{EC41A73A-095E-4BED-B895-5BDE7122CE35}.Ad-Hoc|iPhone.Build.0 = Release|x86
		{EC41A73A-095E-4BED-B895-5BDE7122CE35}.Ad-Hoc|iPhone.Deploy.0 = Release|x86
		{EC41A73A-095E-4BED-B895-5BDE7122CE35}.Ad-Hoc|iPhoneSimulator.ActiveCfg = Release|x86
		{EC41A73A-095E-4BED-B895-5BDE7122CE35}.Ad-Hoc|iPhoneSimulator.Build.0 = Release|x86
		{EC41A73A-095E-4BED-B895-5BDE7122CE35}.Ad-Hoc|iPhoneSimulator.Deploy.0 = Release|x86
		{EC41A73A-095E-4BED-B895-5BDE7122CE35}.Ad-Hoc|x64.ActiveCfg = Release|x64
		{EC41A73A-095E-4BED-B895-5BDE7122CE35}.Ad-Hoc|x64.Build.0 = Release|x64
		{EC41A73A-095E-4BED-B895-5BDE7122CE35}.Ad-Hoc|x64.Deploy.0 = Release|x64
		{EC41A73A-095E-4BED-B895-5BDE7122CE35}.Ad-Hoc|x86.ActiveCfg = Release|x86
		{EC41A73A-095E-4BED-B895-5BDE7122CE35}.Ad-Hoc|x86.Build.0 = Release|x86
		{EC41A73A-095E-4BED-B895-5BDE7122CE35}.Ad-Hoc|x86.Deploy.0 = Release|x86
		{EC41A73A-095E-4BED-B895-5BDE7122CE35}.AppStore|Any CPU.ActiveCfg = Release|x86
		{EC41A73A-095E-4BED-B895-5BDE7122CE35}.AppStore|Any CPU.Build.0 = Release|x86
		{EC41A73A-095E-4BED-B895-5BDE7122CE35}.AppStore|Any CPU.Deploy.0 = Release|x86
		{EC41A73A-095E-4BED-B895-5BDE7122CE35}.AppStore|ARM.ActiveCfg = Release|ARM
		{EC41A73A-095E-4BED-B895-5BDE7122CE35}.AppStore|ARM.Build.0 = Release|ARM
		{EC41A73A-095E-4BED-B895-5BDE7122CE35}.AppStore|ARM.Deploy.0 = Release|ARM
		{EC41A73A-095E-4BED-B895-5BDE7122CE35}.AppStore|iPhone.ActiveCfg = Release|x86
		{EC41A73A-095E-4BED-B895-5BDE7122CE35}.AppStore|iPhone.Build.0 = Release|x86
		{EC41A73A-095E-4BED-B895-5BDE7122CE35}.AppStore|iPhone.Deploy.0 = Release|x86
		{EC41A73A-095E-4BED-B895-5BDE7122CE35}.AppStore|iPhoneSimulator.ActiveCfg = Release|x86
		{EC41A73A-095E-4BED-B895-5BDE7122CE35}.AppStore|iPhoneSimulator.Build.0 = Release|x86
		{EC41A73A-095E-4BED-B895-5BDE7122CE35}.AppStore|iPhoneSimulator.Deploy.0 = Release|x86
		{EC41A73A-095E-4BED-B895-5BDE7122CE35}.AppStore|x64.ActiveCfg = Release|x64
		{EC41A73A-095E-4BED-B895-5BDE7122CE35}.AppStore|x64.Build.0 = Release|x64
		{EC41A73A-095E-4BED-B895-5BDE7122CE35}.AppStore|x64.Deploy.0 = Release|x64
		{EC41A73A-095E-4BED-B895-5BDE7122CE35}.AppStore|x86.ActiveCfg = Release|x86
		{EC41A73A-095E-4BED-B895-5BDE7122CE35}.AppStore|x86.Build.0 = Release|x86
		{EC41A73A-095E-4BED-B895-5BDE7122CE35}.AppStore|x86.Deploy.0 = Release|x86
		{EC41A73A-095E-4BED-B895-5BDE7122CE35}.Debug|Any CPU.ActiveCfg = Debug|x86
		{EC41A73A-095E-4BED-B895-5BDE7122CE35}.Debug|ARM.ActiveCfg = Debug|ARM
		{EC41A73A-095E-4BED-B895-5BDE7122CE35}.Debug|ARM.Build.0 = Debug|ARM
		{EC41A73A-095E-4BED-B895-5BDE7122CE35}.Debug|ARM.Deploy.0 = Debug|ARM
		{EC41A73A-095E-4BED-B895-5BDE7122CE35}.Debug|iPhone.ActiveCfg = Debug|x86
		{EC41A73A-095E-4BED-B895-5BDE7122CE35}.Debug|iPhoneSimulator.ActiveCfg = Debug|x86
		{EC41A73A-095E-4BED-B895-5BDE7122CE35}.Debug|x64.ActiveCfg = Debug|x64
		{EC41A73A-095E-4BED-B895-5BDE7122CE35}.Debug|x64.Build.0 = Debug|x64
		{EC41A73A-095E-4BED-B895-5BDE7122CE35}.Debug|x64.Deploy.0 = Debug|x64
		{EC41A73A-095E-4BED-B895-5BDE7122CE35}.Debug|x86.ActiveCfg = Debug|x86
		{EC41A73A-095E-4BED-B895-5BDE7122CE35}.Debug|x86.Build.0 = Debug|x86
		{EC41A73A-095E-4BED-B895-5BDE7122CE35}.Debug|x86.Deploy.0 = Debug|x86
		{EC41A73A-095E-4BED-B895-5BDE7122CE35}.Release|Any CPU.ActiveCfg = Release|x86
		{EC41A73A-095E-4BED-B895-5BDE7122CE35}.Release|ARM.ActiveCfg = Release|ARM
		{EC41A73A-095E-4BED-B895-5BDE7122CE35}.Release|ARM.Build.0 = Release|ARM
		{EC41A73A-095E-4BED-B895-5BDE7122CE35}.Release|ARM.Deploy.0 = Release|ARM
		{EC41A73A-095E-4BED-B895-5BDE7122CE35}.Release|iPhone.ActiveCfg = Release|x86
		{EC41A73A-095E-4BED-B895-5BDE7122CE35}.Release|iPhoneSimulator.ActiveCfg = Release|x86
		{EC41A73A-095E-4BED-B895-5BDE7122CE35}.Release|x64.ActiveCfg = Release|x64
		{EC41A73A-095E-4BED-B895-5BDE7122CE35}.Release|x64.Build.0 = Release|x64
		{EC41A73A-095E-4BED-B895-5BDE7122CE35}.Release|x64.Deploy.0 = Release|x64
		{EC41A73A-095E-4BED-B895-5BDE7122CE35}.Release|x86.ActiveCfg = Release|x86
		{EC41A73A-095E-4BED-B895-5BDE7122CE35}.Release|x86.Build.0 = Release|x86
		{EC41A73A-095E-4BED-B895-5BDE7122CE35}.Release|x86.Deploy.0 = Release|x86
		{09B2CC2A-483E-48DE-A4CC-83752A613A7B}.Ad-Hoc|Any CPU.ActiveCfg = Release|Any CPU
		{09B2CC2A-483E-48DE-A4CC-83752A613A7B}.Ad-Hoc|Any CPU.Build.0 = Release|Any CPU
		{09B2CC2A-483E-48DE-A4CC-83752A613A7B}.Ad-Hoc|Any CPU.Deploy.0 = Release|Any CPU
		{09B2CC2A-483E-48DE-A4CC-83752A613A7B}.Ad-Hoc|ARM.ActiveCfg = Release|ARM
		{09B2CC2A-483E-48DE-A4CC-83752A613A7B}.Ad-Hoc|ARM.Build.0 = Release|ARM
		{09B2CC2A-483E-48DE-A4CC-83752A613A7B}.Ad-Hoc|ARM.Deploy.0 = Release|ARM
		{09B2CC2A-483E-48DE-A4CC-83752A613A7B}.Ad-Hoc|iPhone.ActiveCfg = Release|Any CPU
		{09B2CC2A-483E-48DE-A4CC-83752A613A7B}.Ad-Hoc|iPhone.Build.0 = Release|Any CPU
		{09B2CC2A-483E-48DE-A4CC-83752A613A7B}.Ad-Hoc|iPhone.Deploy.0 = Release|Any CPU
		{09B2CC2A-483E-48DE-A4CC-83752A613A7B}.Ad-Hoc|iPhoneSimulator.ActiveCfg = Release|Any CPU
		{09B2CC2A-483E-48DE-A4CC-83752A613A7B}.Ad-Hoc|iPhoneSimulator.Build.0 = Release|Any CPU
		{09B2CC2A-483E-48DE-A4CC-83752A613A7B}.Ad-Hoc|iPhoneSimulator.Deploy.0 = Release|Any CPU
		{09B2CC2A-483E-48DE-A4CC-83752A613A7B}.Ad-Hoc|x64.ActiveCfg = Release|x64
		{09B2CC2A-483E-48DE-A4CC-83752A613A7B}.Ad-Hoc|x64.Build.0 = Release|x64
		{09B2CC2A-483E-48DE-A4CC-83752A613A7B}.Ad-Hoc|x64.Deploy.0 = Release|x64
		{09B2CC2A-483E-48DE-A4CC-83752A613A7B}.Ad-Hoc|x86.ActiveCfg = Release|x86
		{09B2CC2A-483E-48DE-A4CC-83752A613A7B}.Ad-Hoc|x86.Build.0 = Release|x86
		{09B2CC2A-483E-48DE-A4CC-83752A613A7B}.Ad-Hoc|x86.Deploy.0 = Release|x86
		{09B2CC2A-483E-48DE-A4CC-83752A613A7B}.AppStore|Any CPU.ActiveCfg = Release|Any CPU
		{09B2CC2A-483E-48DE-A4CC-83752A613A7B}.AppStore|Any CPU.Build.0 = Release|Any CPU
		{09B2CC2A-483E-48DE-A4CC-83752A613A7B}.AppStore|Any CPU.Deploy.0 = Release|Any CPU
		{09B2CC2A-483E-48DE-A4CC-83752A613A7B}.AppStore|ARM.ActiveCfg = Release|ARM
		{09B2CC2A-483E-48DE-A4CC-83752A613A7B}.AppStore|ARM.Build.0 = Release|ARM
		{09B2CC2A-483E-48DE-A4CC-83752A613A7B}.AppStore|ARM.Deploy.0 = Release|ARM
		{09B2CC2A-483E-48DE-A4CC-83752A613A7B}.AppStore|iPhone.ActiveCfg = Release|Any CPU
		{09B2CC2A-483E-48DE-A4CC-83752A613A7B}.AppStore|iPhone.Build.0 = Release|Any CPU
		{09B2CC2A-483E-48DE-A4CC-83752A613A7B}.AppStore|iPhone.Deploy.0 = Release|Any CPU
		{09B2CC2A-483E-48DE-A4CC-83752A613A7B}.AppStore|iPhoneSimulator.ActiveCfg = Release|Any CPU
		{09B2CC2A-483E-48DE-A4CC-83752A613A7B}.AppStore|iPhoneSimulator.Build.0 = Release|Any CPU
		{09B2CC2A-483E-48DE-A4CC-83752A613A7B}.AppStore|iPhoneSimulator.Deploy.0 = Release|Any CPU
		{09B2CC2A-483E-48DE-A4CC-83752A613A7B}.AppStore|x64.ActiveCfg = Release|x64
		{09B2CC2A-483E-48DE-A4CC-83752A613A7B}.AppStore|x64.Build.0 = Release|x64
		{09B2CC2A-483E-48DE-A4CC-83752A613A7B}.AppStore|x64.Deploy.0 = Release|x64
		{09B2CC2A-483E-48DE-A4CC-83752A613A7B}.AppStore|x86.ActiveCfg = Release|x86
		{09B2CC2A-483E-48DE-A4CC-83752A613A7B}.AppStore|x86.Build.0 = Release|x86
		{09B2CC2A-483E-48DE-A4CC-83752A613A7B}.AppStore|x86.Deploy.0 = Release|x86
		{09B2CC2A-483E-48DE-A4CC-83752A613A7B}.Debug|Any CPU.ActiveCfg = Debug|Any CPU
		{09B2CC2A-483E-48DE-A4CC-83752A613A7B}.Debug|Any CPU.Build.0 = Debug|Any CPU
		{09B2CC2A-483E-48DE-A4CC-83752A613A7B}.Debug|Any CPU.Deploy.0 = Debug|Any CPU
		{09B2CC2A-483E-48DE-A4CC-83752A613A7B}.Debug|ARM.ActiveCfg = Debug|ARM
		{09B2CC2A-483E-48DE-A4CC-83752A613A7B}.Debug|ARM.Build.0 = Debug|ARM
		{09B2CC2A-483E-48DE-A4CC-83752A613A7B}.Debug|ARM.Deploy.0 = Debug|ARM
		{09B2CC2A-483E-48DE-A4CC-83752A613A7B}.Debug|iPhone.ActiveCfg = Debug|Any CPU
		{09B2CC2A-483E-48DE-A4CC-83752A613A7B}.Debug|iPhone.Build.0 = Debug|Any CPU
		{09B2CC2A-483E-48DE-A4CC-83752A613A7B}.Debug|iPhone.Deploy.0 = Debug|Any CPU
		{09B2CC2A-483E-48DE-A4CC-83752A613A7B}.Debug|iPhoneSimulator.ActiveCfg = Debug|Any CPU
		{09B2CC2A-483E-48DE-A4CC-83752A613A7B}.Debug|iPhoneSimulator.Build.0 = Debug|Any CPU
		{09B2CC2A-483E-48DE-A4CC-83752A613A7B}.Debug|iPhoneSimulator.Deploy.0 = Debug|Any CPU
		{09B2CC2A-483E-48DE-A4CC-83752A613A7B}.Debug|x64.ActiveCfg = Debug|x64
		{09B2CC2A-483E-48DE-A4CC-83752A613A7B}.Debug|x64.Build.0 = Debug|x64
		{09B2CC2A-483E-48DE-A4CC-83752A613A7B}.Debug|x64.Deploy.0 = Debug|x64
		{09B2CC2A-483E-48DE-A4CC-83752A613A7B}.Debug|x86.ActiveCfg = Debug|x86
		{09B2CC2A-483E-48DE-A4CC-83752A613A7B}.Debug|x86.Build.0 = Debug|x86
		{09B2CC2A-483E-48DE-A4CC-83752A613A7B}.Debug|x86.Deploy.0 = Debug|x86
		{09B2CC2A-483E-48DE-A4CC-83752A613A7B}.Release|Any CPU.ActiveCfg = Release|Any CPU
		{09B2CC2A-483E-48DE-A4CC-83752A613A7B}.Release|Any CPU.Build.0 = Release|Any CPU
		{09B2CC2A-483E-48DE-A4CC-83752A613A7B}.Release|Any CPU.Deploy.0 = Release|Any CPU
		{09B2CC2A-483E-48DE-A4CC-83752A613A7B}.Release|ARM.ActiveCfg = Release|ARM
		{09B2CC2A-483E-48DE-A4CC-83752A613A7B}.Release|ARM.Build.0 = Release|ARM
		{09B2CC2A-483E-48DE-A4CC-83752A613A7B}.Release|ARM.Deploy.0 = Release|ARM
		{09B2CC2A-483E-48DE-A4CC-83752A613A7B}.Release|iPhone.ActiveCfg = Release|Any CPU
		{09B2CC2A-483E-48DE-A4CC-83752A613A7B}.Release|iPhone.Build.0 = Release|Any CPU
		{09B2CC2A-483E-48DE-A4CC-83752A613A7B}.Release|iPhone.Deploy.0 = Release|Any CPU
		{09B2CC2A-483E-48DE-A4CC-83752A613A7B}.Release|iPhoneSimulator.ActiveCfg = Release|Any CPU
		{09B2CC2A-483E-48DE-A4CC-83752A613A7B}.Release|iPhoneSimulator.Build.0 = Release|Any CPU
		{09B2CC2A-483E-48DE-A4CC-83752A613A7B}.Release|iPhoneSimulator.Deploy.0 = Release|Any CPU
		{09B2CC2A-483E-48DE-A4CC-83752A613A7B}.Release|x64.ActiveCfg = Release|x64
		{09B2CC2A-483E-48DE-A4CC-83752A613A7B}.Release|x64.Build.0 = Release|x64
		{09B2CC2A-483E-48DE-A4CC-83752A613A7B}.Release|x64.Deploy.0 = Release|x64
		{09B2CC2A-483E-48DE-A4CC-83752A613A7B}.Release|x86.ActiveCfg = Release|x86
		{09B2CC2A-483E-48DE-A4CC-83752A613A7B}.Release|x86.Build.0 = Release|x86
		{09B2CC2A-483E-48DE-A4CC-83752A613A7B}.Release|x86.Deploy.0 = Release|x86
		{ED9755DE-977C-4C40-B4B3-607B4BFD4136}.Ad-Hoc|Any CPU.ActiveCfg = Release|Any CPU
		{ED9755DE-977C-4C40-B4B3-607B4BFD4136}.Ad-Hoc|Any CPU.Build.0 = Release|Any CPU
		{ED9755DE-977C-4C40-B4B3-607B4BFD4136}.Ad-Hoc|ARM.ActiveCfg = Release|Any CPU
		{ED9755DE-977C-4C40-B4B3-607B4BFD4136}.Ad-Hoc|ARM.Build.0 = Release|Any CPU
		{ED9755DE-977C-4C40-B4B3-607B4BFD4136}.Ad-Hoc|iPhone.ActiveCfg = Release|Any CPU
		{ED9755DE-977C-4C40-B4B3-607B4BFD4136}.Ad-Hoc|iPhone.Build.0 = Release|Any CPU
		{ED9755DE-977C-4C40-B4B3-607B4BFD4136}.Ad-Hoc|iPhoneSimulator.ActiveCfg = Release|Any CPU
		{ED9755DE-977C-4C40-B4B3-607B4BFD4136}.Ad-Hoc|iPhoneSimulator.Build.0 = Release|Any CPU
		{ED9755DE-977C-4C40-B4B3-607B4BFD4136}.Ad-Hoc|x64.ActiveCfg = Release|Any CPU
		{ED9755DE-977C-4C40-B4B3-607B4BFD4136}.Ad-Hoc|x64.Build.0 = Release|Any CPU
		{ED9755DE-977C-4C40-B4B3-607B4BFD4136}.Ad-Hoc|x86.ActiveCfg = Release|Any CPU
		{ED9755DE-977C-4C40-B4B3-607B4BFD4136}.Ad-Hoc|x86.Build.0 = Release|Any CPU
		{ED9755DE-977C-4C40-B4B3-607B4BFD4136}.AppStore|Any CPU.ActiveCfg = Release|Any CPU
		{ED9755DE-977C-4C40-B4B3-607B4BFD4136}.AppStore|Any CPU.Build.0 = Release|Any CPU
		{ED9755DE-977C-4C40-B4B3-607B4BFD4136}.AppStore|ARM.ActiveCfg = Release|Any CPU
		{ED9755DE-977C-4C40-B4B3-607B4BFD4136}.AppStore|ARM.Build.0 = Release|Any CPU
		{ED9755DE-977C-4C40-B4B3-607B4BFD4136}.AppStore|iPhone.ActiveCfg = Release|Any CPU
		{ED9755DE-977C-4C40-B4B3-607B4BFD4136}.AppStore|iPhone.Build.0 = Release|Any CPU
		{ED9755DE-977C-4C40-B4B3-607B4BFD4136}.AppStore|iPhoneSimulator.ActiveCfg = Release|Any CPU
		{ED9755DE-977C-4C40-B4B3-607B4BFD4136}.AppStore|iPhoneSimulator.Build.0 = Release|Any CPU
		{ED9755DE-977C-4C40-B4B3-607B4BFD4136}.AppStore|x64.ActiveCfg = Release|Any CPU
		{ED9755DE-977C-4C40-B4B3-607B4BFD4136}.AppStore|x64.Build.0 = Release|Any CPU
		{ED9755DE-977C-4C40-B4B3-607B4BFD4136}.AppStore|x86.ActiveCfg = Release|Any CPU
		{ED9755DE-977C-4C40-B4B3-607B4BFD4136}.AppStore|x86.Build.0 = Release|Any CPU
		{ED9755DE-977C-4C40-B4B3-607B4BFD4136}.Debug|Any CPU.ActiveCfg = Debug|Any CPU
		{ED9755DE-977C-4C40-B4B3-607B4BFD4136}.Debug|Any CPU.Build.0 = Debug|Any CPU
		{ED9755DE-977C-4C40-B4B3-607B4BFD4136}.Debug|ARM.ActiveCfg = Debug|Any CPU
		{ED9755DE-977C-4C40-B4B3-607B4BFD4136}.Debug|ARM.Build.0 = Debug|Any CPU
		{ED9755DE-977C-4C40-B4B3-607B4BFD4136}.Debug|iPhone.ActiveCfg = Debug|Any CPU
		{ED9755DE-977C-4C40-B4B3-607B4BFD4136}.Debug|iPhone.Build.0 = Debug|Any CPU
		{ED9755DE-977C-4C40-B4B3-607B4BFD4136}.Debug|iPhoneSimulator.ActiveCfg = Debug|Any CPU
		{ED9755DE-977C-4C40-B4B3-607B4BFD4136}.Debug|iPhoneSimulator.Build.0 = Debug|Any CPU
		{ED9755DE-977C-4C40-B4B3-607B4BFD4136}.Debug|x64.ActiveCfg = Debug|Any CPU
		{ED9755DE-977C-4C40-B4B3-607B4BFD4136}.Debug|x64.Build.0 = Debug|Any CPU
		{ED9755DE-977C-4C40-B4B3-607B4BFD4136}.Debug|x86.ActiveCfg = Debug|Any CPU
		{ED9755DE-977C-4C40-B4B3-607B4BFD4136}.Debug|x86.Build.0 = Debug|Any CPU
		{ED9755DE-977C-4C40-B4B3-607B4BFD4136}.Release|Any CPU.ActiveCfg = Release|Any CPU
		{ED9755DE-977C-4C40-B4B3-607B4BFD4136}.Release|Any CPU.Build.0 = Release|Any CPU
		{ED9755DE-977C-4C40-B4B3-607B4BFD4136}.Release|ARM.ActiveCfg = Release|Any CPU
		{ED9755DE-977C-4C40-B4B3-607B4BFD4136}.Release|ARM.Build.0 = Release|Any CPU
		{ED9755DE-977C-4C40-B4B3-607B4BFD4136}.Release|iPhone.ActiveCfg = Release|Any CPU
		{ED9755DE-977C-4C40-B4B3-607B4BFD4136}.Release|iPhone.Build.0 = Release|Any CPU
		{ED9755DE-977C-4C40-B4B3-607B4BFD4136}.Release|iPhoneSimulator.ActiveCfg = Release|Any CPU
		{ED9755DE-977C-4C40-B4B3-607B4BFD4136}.Release|iPhoneSimulator.Build.0 = Release|Any CPU
		{ED9755DE-977C-4C40-B4B3-607B4BFD4136}.Release|x64.ActiveCfg = Release|Any CPU
		{ED9755DE-977C-4C40-B4B3-607B4BFD4136}.Release|x64.Build.0 = Release|Any CPU
		{ED9755DE-977C-4C40-B4B3-607B4BFD4136}.Release|x86.ActiveCfg = Release|Any CPU
		{ED9755DE-977C-4C40-B4B3-607B4BFD4136}.Release|x86.Build.0 = Release|Any CPU
	EndGlobalSection
	GlobalSection(SolutionProperties) = preSolution
		HideSolutionNode = FALSE
	EndGlobalSection
	GlobalSection(TeamFoundationVersionControl) = preSolution
		SccNumberOfProjects = 7
		SccEnterpriseProvider = {4CA58AB2-18FA-4F8D-95D4-32DDF27D184C}
		SccTeamFoundationServer = https://proyectoneedu.visualstudio.com/defaultcollection
		SccLocalPath0 = .
		SccProjectUniqueName1 = Need-U\\Need_U.Droid\\Need_U.Droid.csproj
		SccProjectName1 = Need-U/Need_U.Droid
		SccLocalPath1 = Need-U\\Need_U.Droid
		SccProjectUniqueName2 = Need-U\\Need_U.iOS\\Need_U.iOS.csproj
		SccProjectName2 = Need-U/Need_U.iOS
		SccLocalPath2 = Need-U\\Need_U.iOS
		SccProjectUniqueName3 = Need-U\\Need_U.UWP\\Need_U.UWP.csproj
		SccProjectName3 = Need-U/Need_U.UWP
		SccLocalPath3 = Need-U\\Need_U.UWP
		SccProjectUniqueName4 = Need-U\\Need_U\\Need_U.csproj
		SccProjectName4 = Need-U/Need_U
		SccLocalPath4 = Need-U\\Need_U
		SccProjectUniqueName5 = Need-U\\Need_U.Windows\\Need_U.Windows.csproj
		SccProjectName5 = Need-U/Need_U.Windows
		SccLocalPath5 = Need-U\\Need_U.Windows
		SccProjectUniqueName6 = Need-U\\Need_U.WinPhone\\Need_U.WinPhone.csproj
		SccProjectName6 = Need-U/Need_U.WinPhone
		SccLocalPath6 = Need-U\\Need_U.WinPhone
	EndGlobalSection
EndGlobal
